
Microsoft Visual Studio Solution File, Format Version 12.00
# Visual Studio 2013
VisualStudioVersion = 12.0.31101.0
MinimumVisualStudioVersion = 10.0.40219.1
Project("{8BC9CEB8-8B4A-11D0-8D11-00A0C91BC942}") = "Firgures", "Firgures.vcxproj", "{134BA6E9-4F6E-4841-92B1-AC476D7AF9CF}"
EndProject
Global
	GlobalSection(SolutionConfigurationPlatforms) = preSolution
		Debug|Win32 = Debug|Win32
		Release|Win32 = Release|Win32
	EndGlobalSection
	GlobalSection(ProjectConfigurationPlatforms) = postSolution
		{134BA6E9-4F6E-4841-92B1-AC476D7AF9CF}.Debug|Win32.ActiveCfg = Debug|Win32
		{134BA6E9-4F6E-4841-92B1-AC476D7AF9CF}.Debug|Win32.Build.0 = Debug|Win32
		{134BA6E9-4F6E-4841-92B1-AC476D7AF9CF}.Release|Win32.ActiveCfg = Release|Win32
		{134BA6E9-4F6E-4841-92B1-AC476D7AF9CF}.Release|Win32.Build.0 = Release|Win32
	EndGlobalSection
	GlobalSection(SolutionProperties) = preSolution
		HideSolutionNode = FALSE
	EndGlobalSection
EndGlobal
