
Microsoft Visual Studio Solution File, Format Version 12.00
# Visual Studio 14
VisualStudioVersion = 14.0.24720.0
MinimumVisualStudioVersion = 10.0.40219.1
Project("{FAE04EC0-301F-11D3-BF4B-00C04F79EFBC}") = "WeatherInfoService", "WeatherInfoService\WeatherInfoService.csproj", "{FBEA767C-87DD-4442-8DB5-180A7B75D97C}"
EndProject
Global
	GlobalSection(SolutionConfigurationPlatforms) = preSolution
		Debug|Any CPU = Debug|Any CPU
		Release|Any CPU = Release|Any CPU
	EndGlobalSection
	GlobalSection(ProjectConfigurationPlatforms) = postSolution
		{FBEA767C-87DD-4442-8DB5-180A7B75D97C}.Debug|Any CPU.ActiveCfg = Debug|Any CPU
		{FBEA767C-87DD-4442-8DB5-180A7B75D97C}.Debug|Any CPU.Build.0 = Debug|Any CPU
		{FBEA767C-87DD-4442-8DB5-180A7B75D97C}.Release|Any CPU.ActiveCfg = Release|Any CPU
		{FBEA767C-87DD-4442-8DB5-180A7B75D97C}.Release|Any CPU.Build.0 = Release|Any CPU
	EndGlobalSection
	GlobalSection(SolutionProperties) = preSolution
		HideSolutionNode = FALSE
	EndGlobalSection
EndGlobal
