
Microsoft Visual Studio Solution File, Format Version 12.00
# Visual Studio 2013
VisualStudioVersion = 12.0.31101.0
MinimumVisualStudioVersion = 10.0.40219.1
Project("{FAE04EC0-301F-11D3-BF4B-00C04F79EFBC}") = "ReservCopy", "ReservCopy.csproj", "{FBACB1AA-808F-4A22-89CF-C1FAAFB3DE3F}"
EndProject
Project("{FAE04EC0-301F-11D3-BF4B-00C04F79EFBC}") = "StorageLib", "..\StorageLib\StorageLib.csproj", "{935F8958-AE8D-42B0-96CC-C7C27AD80F81}"
EndProject
Global
	GlobalSection(SolutionConfigurationPlatforms) = preSolution
		Debug|Any CPU = Debug|Any CPU
		Release|Any CPU = Release|Any CPU
	EndGlobalSection
	GlobalSection(ProjectConfigurationPlatforms) = postSolution
		{FBACB1AA-808F-4A22-89CF-C1FAAFB3DE3F}.Debug|Any CPU.ActiveCfg = Debug|Any CPU
		{FBACB1AA-808F-4A22-89CF-C1FAAFB3DE3F}.Debug|Any CPU.Build.0 = Debug|Any CPU
		{FBACB1AA-808F-4A22-89CF-C1FAAFB3DE3F}.Release|Any CPU.ActiveCfg = Release|Any CPU
		{FBACB1AA-808F-4A22-89CF-C1FAAFB3DE3F}.Release|Any CPU.Build.0 = Release|Any CPU
		{935F8958-AE8D-42B0-96CC-C7C27AD80F81}.Debug|Any CPU.ActiveCfg = Debug|Any CPU
		{935F8958-AE8D-42B0-96CC-C7C27AD80F81}.Debug|Any CPU.Build.0 = Debug|Any CPU
		{935F8958-AE8D-42B0-96CC-C7C27AD80F81}.Release|Any CPU.ActiveCfg = Release|Any CPU
		{935F8958-AE8D-42B0-96CC-C7C27AD80F81}.Release|Any CPU.Build.0 = Release|Any CPU
	EndGlobalSection
	GlobalSection(SolutionProperties) = preSolution
		HideSolutionNode = FALSE
	EndGlobalSection
EndGlobal
